[[package]]
name = "cachetools"
version = "5.3.1"
description = "Extensible memoizing collections and decorators"
category = "main"
optional = false
python-versions = ">=3.7"

[[package]]
name = "certifi"
version = "2023.7.22"
description = "Python package for providing Mozilla's CA Bundle."
category = "main"
optional = false
python-versions = ">=3.6"

[[package]]
name = "charset-normalizer"
version = "3.3.0"
description = "The Real First Universal Charset Detector. Open, modern and actively maintained alternative to Chardet."
category = "main"
optional = false
python-versions = ">=3.7.0"

[[package]]
name = "contourpy"
version = "1.1.0"
description = "Python library for calculating contours of 2D quadrilateral grids"
category = "main"
optional = false
python-versions = ">=3.8"

[package.dependencies]
numpy = ">=1.16"

[package.extras]
docs = ["furo", "sphinx-copybutton"]
bokeh = ["bokeh", "selenium"]
mypy = ["contourpy", "docutils-stubs", "mypy (==1.2.0)", "types-pillow"]
test = ["contourpy", "matplotlib", "pillow"]
test-no-images = ["pytest", "pytest-cov", "wurlitzer"]

[[package]]
name = "contourpy"
version = "1.1.1"
description = "Python library for calculating contours of 2D quadrilateral grids"
category = "main"
optional = false
python-versions = ">=3.8"

[package.dependencies]
numpy = {version = ">=1.16,<2.0", markers = "python_version <= \"3.11\""}

[package.extras]
docs = ["furo", "sphinx (>=7.2)", "sphinx-copybutton"]
bokeh = ["bokeh", "selenium"]
mypy = ["contourpy", "docutils-stubs", "mypy (==1.4.1)", "types-pillow"]
test = ["contourpy", "matplotlib", "pillow"]
test-no-images = ["pytest", "pytest-cov", "wurlitzer"]

[[package]]
name = "cycler"
version = "0.12.0"
description = "Composable style cycles"
category = "main"
optional = false
python-versions = ">=3.8"

[package.extras]
docs = ["ipython", "matplotlib", "numpydoc", "sphinx"]
tests = ["pytest", "pytest-cov", "pytest-xdist"]

[[package]]
name = "fonttools"
version = "4.43.0"
description = "Tools to manipulate font files"
category = "main"
optional = false
python-versions = ">=3.8"

[package.extras]
all = ["fs (>=2.2.0,<3)", "lxml (>=4.0,<5)", "zopfli (>=0.1.4)", "lz4 (>=1.7.4.2)", "matplotlib", "sympy", "skia-pathops (>=0.5.0)", "uharfbuzz (>=0.23.0)", "brotlicffi (>=0.8.0)", "scipy", "brotli (>=1.0.1)", "munkres", "unicodedata2 (>=15.0.0)", "xattr"]
graphite = ["lz4 (>=1.7.4.2)"]
interpolatable = ["scipy", "munkres"]
lxml = ["lxml (>=4.0,<5)"]
pathops = ["skia-pathops (>=0.5.0)"]
plot = ["matplotlib"]
repacker = ["uharfbuzz (>=0.23.0)"]
symfont = ["sympy"]
type1 = ["xattr"]
ufo = ["fs (>=2.2.0,<3)"]
unicode = ["unicodedata2 (>=15.0.0)"]
woff = ["zopfli (>=0.1.4)", "brotlicffi (>=0.8.0)", "brotli (>=1.0.1)"]

[[package]]
name = "google-api-core"
version = "2.12.0"
description = "Google API client core library"
category = "main"
optional = false
python-versions = ">=3.7"

[package.dependencies]
google-auth = ">=2.14.1,<3.0.dev0"
googleapis-common-protos = ">=1.56.2,<2.0.dev0"
protobuf = ">=3.19.5,<3.20.0 || >3.20.0,<3.20.1 || >3.20.1,<4.21.0 || >4.21.0,<4.21.1 || >4.21.1,<4.21.2 || >4.21.2,<4.21.3 || >4.21.3,<4.21.4 || >4.21.4,<4.21.5 || >4.21.5,<5.0.0.dev0"
requests = ">=2.18.0,<3.0.0.dev0"

[package.extras]
grpc = ["grpcio (>=1.33.2,<2.0dev)", "grpcio-status (>=1.33.2,<2.0.dev0)", "grpcio (>=1.49.1,<2.0dev)", "grpcio-status (>=1.49.1,<2.0.dev0)"]
grpcgcp = ["grpcio-gcp (>=0.2.2,<1.0.dev0)"]
grpcio-gcp = ["grpcio-gcp (>=0.2.2,<1.0.dev0)"]

[[package]]
name = "google-auth"
version = "2.23.2"
description = "Google Authentication Library"
category = "main"
optional = false
python-versions = ">=3.7"

[package.dependencies]
cachetools = ">=2.0.0,<6.0"
pyasn1-modules = ">=0.2.1"
rsa = ">=3.1.4,<5"

[package.extras]
aiohttp = ["aiohttp (>=3.6.2,<4.0.0.dev0)", "requests (>=2.20.0,<3.0.0.dev0)"]
enterprise_cert = ["cryptography (==36.0.2)", "pyopenssl (==22.0.0)"]
pyopenssl = ["pyopenssl (>=20.0.0)", "cryptography (>=38.0.3)"]
reauth = ["pyu2f (>=0.1.5)"]
requests = ["requests (>=2.20.0,<3.0.0.dev0)"]

[[package]]
name = "google-cloud-core"
version = "2.3.3"
description = "Google Cloud API client core library"
category = "main"
optional = false
python-versions = ">=3.7"

[package.dependencies]
google-api-core = ">=1.31.6,<2.0.0 || >2.3.0,<3.0.0dev"
google-auth = ">=1.25.0,<3.0dev"

[package.extras]
grpc = ["grpcio (>=1.38.0,<2.0dev)"]

[[package]]
name = "google-cloud-storage"
version = "2.11.0"
description = "Google Cloud Storage API client library"
category = "main"
optional = false
python-versions = ">=3.7"

[package.dependencies]
google-api-core = ">=1.31.5,<2.0.0 || >2.3.0,<3.0.0dev"
google-auth = ">=1.25.0,<3.0dev"
google-cloud-core = ">=2.3.0,<3.0dev"
google-resumable-media = ">=2.6.0"
requests = ">=2.18.0,<3.0.0dev"

[package.extras]
protobuf = ["protobuf (<5.0.0dev)"]

[[package]]
name = "google-crc32c"
version = "1.5.0"
description = "A python wrapper of the C library 'Google CRC32C'"
category = "main"
optional = false
python-versions = ">=3.7"

[package.extras]
testing = ["pytest"]

[[package]]
name = "google-resumable-media"
version = "2.6.0"
description = "Utilities for Google Media Downloads and Resumable Uploads"
category = "main"
optional = false
python-versions = ">= 3.7"

[package.dependencies]
google-crc32c = ">=1.0,<2.0dev"

[package.extras]
aiohttp = ["aiohttp (>=3.6.2,<4.0.0dev)", "google-auth (>=1.22.0,<2.0dev)"]
requests = ["requests (>=2.18.0,<3.0.0dev)"]

[[package]]
name = "googleapis-common-protos"
version = "1.60.0"
description = "Common protobufs used in Google APIs"
category = "main"
optional = false
python-versions = ">=3.7"

[package.dependencies]
protobuf = ">=3.19.5,<3.20.0 || >3.20.0,<3.20.1 || >3.20.1,<4.21.1 || >4.21.1,<4.21.2 || >4.21.2,<4.21.3 || >4.21.3,<4.21.4 || >4.21.4,<4.21.5 || >4.21.5,<5.0.0.dev0"

[package.extras]
grpc = ["grpcio (>=1.44.0,<2.0.0.dev0)"]

[[package]]
name = "idna"
version = "3.4"
description = "Internationalized Domain Names in Applications (IDNA)"
category = "main"
optional = false
python-versions = ">=3.5"

[[package]]
name = "imageio"
version = "2.31.5"
description = "Library for reading and writing a wide range of image, video, scientific, and volumetric data formats."
category = "main"
optional = false
python-versions = ">=3.8"

[package.dependencies]
numpy = "*"
pillow = ">=8.3.2"

[package.extras]
all-plugins = ["astropy", "av", "imageio-ffmpeg", "psutil", "tifffile"]
all-plugins-pypy = ["av", "imageio-ffmpeg", "psutil", "tifffile"]
build = ["wheel"]
dev = ["pytest", "pytest-cov", "fsspec", "black", "flake8"]
docs = ["sphinx (<6)", "numpydoc", "pydata-sphinx-theme"]
ffmpeg = ["imageio-ffmpeg", "psutil"]
fits = ["astropy"]
full = ["astropy", "av", "black", "flake8", "fsspec", "gdal", "imageio-ffmpeg", "itk", "numpydoc", "psutil", "pydata-sphinx-theme", "pytest", "pytest-cov", "sphinx (<6)", "tifffile", "wheel"]
gdal = ["gdal"]
itk = ["itk"]
linting = ["black", "flake8"]
pyav = ["av"]
test = ["pytest", "pytest-cov", "fsspec"]
tifffile = ["tifffile"]

[[package]]
name = "importlib-resources"
version = "6.1.0"
description = "Read resources from Python packages"
category = "main"
optional = false
python-versions = ">=3.8"

[package.dependencies]
zipp = {version = ">=3.1.0", markers = "python_version < \"3.10\""}

[package.extras]
docs = ["sphinx (>=3.5)", "sphinx (<7.2.5)", "jaraco.packaging (>=9.3)", "rst.linker (>=1.9)", "furo", "sphinx-lint", "jaraco.tidelift (>=1.4)"]
testing = ["pytest (>=6)", "pytest-checkdocs (>=2.4)", "pytest-cov", "pytest-enabler (>=2.2)", "pytest-ruff", "zipp (>=3.17)", "pytest-black (>=0.3.7)", "pytest-mypy (>=0.9.1)"]

[[package]]
name = "joblib"
version = "1.3.2"
description = "Lightweight pipelining with Python functions"
category = "main"
optional = false
python-versions = ">=3.7"

[[package]]
name = "kiwisolver"
version = "1.4.5"
description = "A fast implementation of the Cassowary constraint solver"
category = "main"
optional = false
python-versions = ">=3.7"

[[package]]
name = "lazy-loader"
version = "0.3"
description = "lazy_loader"
category = "main"
optional = false
python-versions = ">=3.7"

[package.extras]
lint = ["pre-commit (>=3.3)"]
test = ["pytest (>=7.4)", "pytest-cov (>=4.1)"]

[[package]]
name = "matplotlib"
version = "3.8.0"
description = "Python plotting package"
category = "main"
optional = false
python-versions = ">=3.9"

[package.dependencies]
contourpy = ">=1.0.1"
cycler = ">=0.10"
fonttools = ">=4.22.0"
importlib-resources = {version = ">=3.2.0", markers = "python_version < \"3.10\""}
kiwisolver = ">=1.0.1"
numpy = ">=1.21,<2"
packaging = ">=20.0"
pillow = ">=6.2.0"
pyparsing = ">=2.3.1"
python-dateutil = ">=2.7"
setuptools_scm = ">=7"

[[package]]
name = "networkx"
version = "3.1"
description = "Python package for creating and manipulating graphs and networks"
category = "main"
optional = false
python-versions = ">=3.8"

[package.extras]
default = ["numpy (>=1.20)", "scipy (>=1.8)", "matplotlib (>=3.4)", "pandas (>=1.3)"]
developer = ["pre-commit (>=3.2)", "mypy (>=1.1)"]
doc = ["sphinx (>=6.1)", "pydata-sphinx-theme (>=0.13)", "sphinx-gallery (>=0.12)", "numpydoc (>=1.5)", "pillow (>=9.4)", "nb2plots (>=0.6)", "texext (>=0.6.7)"]
extra = ["lxml (>=4.6)", "pygraphviz (>=1.10)", "pydot (>=1.4.2)", "sympy (>=1.10)"]
test = ["pytest (>=7.2)", "pytest-cov (>=4.0)", "codecov (>=2.1)"]

[[package]]
name = "numpy"
version = "1.25.2"
description = "Fundamental package for array computing in Python"
category = "main"
optional = false
python-versions = ">=3.9"

[[package]]
name = "packaging"
version = "23.2"
description = "Core utilities for Python packages"
category = "main"
optional = false
python-versions = ">=3.7"

[[package]]
name = "pandas"
version = "2.1.0"
description = "Powerful data structures for data analysis, time series, and statistics"
category = "main"
optional = false
python-versions = ">=3.9"

[package.dependencies]
numpy = [
    {version = ">=1.22.4", markers = "python_version < \"3.11\""},
    {version = ">=1.23.2", markers = "python_version >= \"3.11\""},
]
python-dateutil = ">=2.8.2"
pytz = ">=2020.1"
tzdata = ">=2022.1"

[package.extras]
test = ["hypothesis (>=6.46.1)", "pytest (>=7.3.2)", "pytest-xdist (>=2.2.0)", "pytest-asyncio (>=0.17.0)"]
performance = ["bottleneck (>=1.3.4)", "numba (>=0.55.2)", "numexpr (>=2.8.0)"]
computation = ["scipy (>=1.8.1)", "xarray (>=2022.03.0)"]
fss = ["fsspec (>=2022.05.0)"]
aws = ["s3fs (>=2022.05.0)"]
gcp = ["gcsfs (>=2022.05.0)", "pandas-gbq (>=0.17.5)"]
excel = ["odfpy (>=1.4.1)", "openpyxl (>=3.0.10)", "pyxlsb (>=1.0.9)", "xlrd (>=2.0.1)", "xlsxwriter (>=3.0.3)"]
parquet = ["pyarrow (>=7.0.0)"]
feather = ["pyarrow (>=7.0.0)"]
hdf5 = ["tables (>=3.7.0)"]
spss = ["pyreadstat (>=1.1.5)"]
postgresql = ["SQLAlchemy (>=1.4.36)", "psycopg2 (>=2.9.3)"]
mysql = ["SQLAlchemy (>=1.4.36)", "pymysql (>=1.0.2)"]
sql-other = ["SQLAlchemy (>=1.4.36)"]
html = ["beautifulsoup4 (>=4.11.1)", "html5lib (>=1.1)", "lxml (>=4.8.0)"]
xml = ["lxml (>=4.8.0)"]
plot = ["matplotlib (>=3.6.1)"]
output-formatting = ["jinja2 (>=3.1.2)", "tabulate (>=0.8.10)"]
clipboard = ["PyQt5 (>=5.15.6)", "qtpy (>=2.2.0)"]
compression = ["zstandard (>=0.17.0)"]
consortium-standard = ["dataframe-api-compat (>=0.1.7)"]
all = ["beautifulsoup4 (>=4.11.1)", "bottleneck (>=1.3.4)", "dataframe-api-compat (>=0.1.7)", "fastparquet (>=0.8.1)", "fsspec (>=2022.05.0)", "gcsfs (>=2022.05.0)", "html5lib (>=1.1)", "hypothesis (>=6.46.1)", "jinja2 (>=3.1.2)", "lxml (>=4.8.0)", "matplotlib (>=3.6.1)", "numba (>=0.55.2)", "numexpr (>=2.8.0)", "odfpy (>=1.4.1)", "openpyxl (>=3.0.10)", "pandas-gbq (>=0.17.5)", "psycopg2 (>=2.9.3)", "pyarrow (>=7.0.0)", "pymysql (>=1.0.2)", "PyQt5 (>=5.15.6)", "pyreadstat (>=1.1.5)", "pytest (>=7.3.2)", "pytest-xdist (>=2.2.0)", "pytest-asyncio (>=0.17.0)", "pyxlsb (>=1.0.9)", "qtpy (>=2.2.0)", "scipy (>=1.8.1)", "s3fs (>=2022.05.0)", "SQLAlchemy (>=1.4.36)", "tables (>=3.7.0)", "tabulate (>=0.8.10)", "xarray (>=2022.03.0)", "xlrd (>=2.0.1)", "xlsxwriter (>=3.0.3)", "zstandard (>=0.17.0)"]

[[package]]
name = "pandas"
version = "2.1.1"
description = "Powerful data structures for data analysis, time series, and statistics"
category = "main"
optional = false
python-versions = ">=3.9"

[package.dependencies]
numpy = [
    {version = ">=1.22.4", markers = "python_version < \"3.11\""},
    {version = ">=1.23.2", markers = "python_version == \"3.11\""},
]
python-dateutil = ">=2.8.2"
pytz = ">=2020.1"
tzdata = ">=2022.1"

[package.extras]
test = ["hypothesis (>=6.46.1)", "pytest (>=7.3.2)", "pytest-xdist (>=2.2.0)", "pytest-asyncio (>=0.17.0)"]
performance = ["bottleneck (>=1.3.4)", "numba (>=0.55.2)", "numexpr (>=2.8.0)"]
computation = ["scipy (>=1.8.1)", "xarray (>=2022.03.0)"]
fss = ["fsspec (>=2022.05.0)"]
aws = ["s3fs (>=2022.05.0)"]
gcp = ["gcsfs (>=2022.05.0)", "pandas-gbq (>=0.17.5)"]
excel = ["odfpy (>=1.4.1)", "openpyxl (>=3.0.10)", "pyxlsb (>=1.0.9)", "xlrd (>=2.0.1)", "xlsxwriter (>=3.0.3)"]
parquet = ["pyarrow (>=7.0.0)"]
feather = ["pyarrow (>=7.0.0)"]
hdf5 = ["tables (>=3.7.0)"]
spss = ["pyreadstat (>=1.1.5)"]
postgresql = ["SQLAlchemy (>=1.4.36)", "psycopg2 (>=2.9.3)"]
mysql = ["SQLAlchemy (>=1.4.36)", "pymysql (>=1.0.2)"]
sql-other = ["SQLAlchemy (>=1.4.36)"]
html = ["beautifulsoup4 (>=4.11.1)", "html5lib (>=1.1)", "lxml (>=4.8.0)"]
xml = ["lxml (>=4.8.0)"]
plot = ["matplotlib (>=3.6.1)"]
output-formatting = ["jinja2 (>=3.1.2)", "tabulate (>=0.8.10)"]
clipboard = ["PyQt5 (>=5.15.6)", "qtpy (>=2.2.0)"]
compression = ["zstandard (>=0.17.0)"]
consortium-standard = ["dataframe-api-compat (>=0.1.7)"]
all = ["beautifulsoup4 (>=4.11.1)", "bottleneck (>=1.3.4)", "dataframe-api-compat (>=0.1.7)", "fastparquet (>=0.8.1)", "fsspec (>=2022.05.0)", "gcsfs (>=2022.05.0)", "html5lib (>=1.1)", "hypothesis (>=6.46.1)", "jinja2 (>=3.1.2)", "lxml (>=4.8.0)", "matplotlib (>=3.6.1)", "numba (>=0.55.2)", "numexpr (>=2.8.0)", "odfpy (>=1.4.1)", "openpyxl (>=3.0.10)", "pandas-gbq (>=0.17.5)", "psycopg2 (>=2.9.3)", "pyarrow (>=7.0.0)", "pymysql (>=1.0.2)", "PyQt5 (>=5.15.6)", "pyreadstat (>=1.1.5)", "pytest (>=7.3.2)", "pytest-xdist (>=2.2.0)", "pytest-asyncio (>=0.17.0)", "pyxlsb (>=1.0.9)", "qtpy (>=2.2.0)", "scipy (>=1.8.1)", "s3fs (>=2022.05.0)", "SQLAlchemy (>=1.4.36)", "tables (>=3.7.0)", "tabulate (>=0.8.10)", "xarray (>=2022.03.0)", "xlrd (>=2.0.1)", "xlsxwriter (>=3.0.3)", "zstandard (>=0.17.0)"]

[[package]]
name = "pillow"
version = "10.0.1"
description = "Python Imaging Library (Fork)"
category = "main"
optional = false
python-versions = ">=3.8"

[package.extras]
docs = ["furo", "olefile", "sphinx (>=2.4)", "sphinx-copybutton", "sphinx-inline-tabs", "sphinx-removed-in", "sphinxext-opengraph"]
tests = ["check-manifest", "coverage", "defusedxml", "markdown2", "olefile", "packaging", "pyroma", "pytest", "pytest-cov", "pytest-timeout"]

[[package]]
name = "protobuf"
version = "4.24.3"
description = ""
category = "main"
optional = false
python-versions = ">=3.7"

[[package]]
name = "pyasn1"
version = "0.5.0"
description = "Pure-Python implementation of ASN.1 types and DER/BER/CER codecs (X.208)"
category = "main"
optional = false
python-versions = "!=3.0.*,!=3.1.*,!=3.2.*,!=3.3.*,!=3.4.*,!=3.5.*,>=2.7"

[[package]]
name = "pyasn1-modules"
version = "0.3.0"
description = "A collection of ASN.1-based protocols modules"
category = "main"
optional = false
python-versions = "!=3.0.*,!=3.1.*,!=3.2.*,!=3.3.*,!=3.4.*,!=3.5.*,>=2.7"

[package.dependencies]
pyasn1 = ">=0.4.6,<0.6.0"

[[package]]
name = "pyparsing"
version = "3.1.1"
description = "pyparsing module - Classes and methods to define and execute parsing grammars"
category = "main"
optional = false
python-versions = ">=3.6.8"

[package.extras]
diagrams = ["railroad-diagrams", "jinja2"]

[[package]]
name = "python-dateutil"
version = "2.8.2"
description = "Extensions to the standard Python datetime module"
category = "main"
optional = false
python-versions = "!=3.0.*,!=3.1.*,!=3.2.*,>=2.7"

[package.dependencies]
six = ">=1.5"

[[package]]
name = "pytz"
version = "2023.3.post1"
description = "World timezone definitions, modern and historical"
category = "main"
optional = false
python-versions = "*"

[[package]]
name = "pywavelets"
version = "1.4.1"
description = "PyWavelets, wavelet transform module"
category = "main"
optional = false
python-versions = ">=3.8"

[package.dependencies]
numpy = ">=1.17.3"

[[package]]
name = "requests"
version = "2.31.0"
description = "Python HTTP for Humans."
category = "main"
optional = false
python-versions = ">=3.7"

[package.dependencies]
certifi = ">=2017.4.17"
charset-normalizer = ">=2,<4"
idna = ">=2.5,<4"
urllib3 = ">=1.21.1,<3"

[package.extras]
socks = ["PySocks (>=1.5.6,!=1.5.7)"]
use_chardet_on_py3 = ["chardet (>=3.0.2,<6)"]

[[package]]
name = "rsa"
version = "4.9"
description = "Pure-Python RSA implementation"
category = "main"
optional = false
python-versions = ">=3.6,<4"

[package.dependencies]
pyasn1 = ">=0.1.3"

[[package]]
name = "scikit-image"
version = "0.21.0"
description = "Image processing in Python"
category = "main"
optional = false
python-versions = ">=3.8"

[package.dependencies]
imageio = ">=2.27"
lazy_loader = ">=0.2"
networkx = ">=2.8"
numpy = ">=1.21.1"
packaging = ">=21"
pillow = ">=9.0.1"
PyWavelets = ">=1.1.1"
scipy = ">=1.8"
tifffile = ">=2022.8.12"

[package.extras]
build = ["meson-python (>=0.13)", "wheel", "setuptools (>=67)", "packaging (>=21)", "ninja", "Cython (>=0.29.32)", "pythran", "numpy (>=1.21.1)", "spin (==0.3)", "build"]
data = ["pooch (>=1.6.0)"]
default = ["numpy (>=1.21.1)", "scipy (>=1.8)", "networkx (>=2.8)", "pillow (>=9.0.1)", "imageio (>=2.27)", "tifffile (>=2022.8.12)", "PyWavelets (>=1.1.1)", "packaging (>=21)", "lazy_loader (>=0.2)"]
developer = ["pre-commit", "rtoml"]
docs = ["sphinx (>=5.0)", "sphinx-gallery (>=0.11)", "numpydoc (>=1.5)", "sphinx-copybutton", "pytest-runner", "matplotlib (>=3.5)", "dask[array] (>=2022.9.2)", "pandas (>=1.5)", "seaborn (>=0.11)", "pooch (>=1.6)", "tifffile (>=2022.8.12)", "myst-parser", "ipywidgets", "ipykernel", "plotly (>=5.10)", "kaleido", "scikit-learn (>=0.24.0)", "sphinx_design (>=0.3)", "pydata-sphinx-theme (>=0.13)"]
optional = ["simpleitk", "astropy (>=5.0)", "cloudpickle (>=0.2.1)", "dask[array] (>=2021.1.0)", "matplotlib (>=3.5)", "pooch (>=1.6.0)", "pyamg", "scikit-learn (>=0.24.0)"]
test = ["asv", "matplotlib (>=3.5)", "pooch (>=1.6.0)", "pytest (>=7.0)", "pytest-cov (>=2.11.0)", "pytest-localserver", "pytest-faulthandler"]

[[package]]
name = "scikit-learn"
version = "1.3.1"
description = "A set of python modules for machine learning and data mining"
category = "main"
optional = false
python-versions = ">=3.8"

[package.dependencies]
joblib = ">=1.1.1"
numpy = ">=1.17.3,<2.0"
scipy = ">=1.5.0"
threadpoolctl = ">=2.0.0"

[package.extras]
benchmark = ["matplotlib (>=3.1.3)", "pandas (>=1.0.5)", "memory-profiler (>=0.57.0)"]
docs = ["matplotlib (>=3.1.3)", "scikit-image (>=0.16.2)", "pandas (>=1.0.5)", "seaborn (>=0.9.0)", "memory-profiler (>=0.57.0)", "sphinx (>=6.0.0)", "sphinx-copybutton (>=0.5.2)", "sphinx-gallery (>=0.10.1)", "numpydoc (>=1.2.0)", "Pillow (>=7.1.2)", "pooch (>=1.6.0)", "sphinx-prompt (>=1.3.0)", "sphinxext-opengraph (>=0.4.2)", "plotly (>=5.14.0)"]
examples = ["matplotlib (>=3.1.3)", "scikit-image (>=0.16.2)", "pandas (>=1.0.5)", "seaborn (>=0.9.0)", "pooch (>=1.6.0)", "plotly (>=5.14.0)"]
tests = ["matplotlib (>=3.1.3)", "scikit-image (>=0.16.2)", "pandas (>=1.0.5)", "pytest (>=7.1.2)", "pytest-cov (>=2.9.0)", "ruff (>=0.0.272)", "black (>=23.3.0)", "mypy (>=1.3)", "pyamg (>=4.0.0)", "numpydoc (>=1.2.0)", "pooch (>=1.6.0)"]

[[package]]
name = "scipy"
version = "1.9.3"
description = "Fundamental algorithms for scientific computing in Python"
category = "main"
optional = false
python-versions = ">=3.8"

[package.dependencies]
numpy = ">=1.18.5,<1.26.0"

[package.extras]
test = ["pytest", "pytest-cov", "pytest-xdist", "asv", "mpmath", "gmpy2", "threadpoolctl", "scikit-umfpack"]
doc = ["sphinx (!=4.1.0)", "pydata-sphinx-theme (==0.9.0)", "sphinx-panels (>=0.5.2)", "matplotlib (>2)", "numpydoc", "sphinx-tabs"]
dev = ["mypy", "typing-extensions", "pycodestyle", "flake8"]

[[package]]
name = "seaborn"
version = "0.12.2"
description = "Statistical data visualization"
category = "main"
optional = false
python-versions = ">=3.7"

[package.dependencies]
matplotlib = ">=3.1,<3.6.1 || >3.6.1"
numpy = ">=1.17,<1.24.0 || >1.24.0"
pandas = ">=0.25"

[package.extras]
dev = ["pytest", "pytest-cov", "pytest-xdist", "flake8", "mypy", "pandas-stubs", "pre-commit", "flit"]
docs = ["numpydoc", "nbconvert", "ipykernel", "sphinx-copybutton", "sphinx-issues", "sphinx-design", "pyyaml", "pydata_sphinx_theme (==0.10.0rc2)"]
stats = ["scipy (>=1.3)", "statsmodels (>=0.10)"]

[[package]]
name = "setuptools-scm"
version = "8.0.4"
description = "the blessed package to manage your versions by scm tags"
category = "main"
optional = false
python-versions = ">=3.8"

[package.dependencies]
packaging = ">=20"
tomli = {version = ">=1", markers = "python_version < \"3.11\""}
typing-extensions = "*"

[package.extras]
docs = ["entangled-cli", "mkdocs", "mkdocs-entangled-plugin", "mkdocs-material", "mkdocstrings", "pygments"]
rich = ["rich"]
test = ["build", "pytest", "rich", "wheel"]

[[package]]
name = "six"
version = "1.16.0"
description = "Python 2 and 3 compatibility utilities"
category = "main"
optional = false
python-versions = ">=2.7, !=3.0.*, !=3.1.*, !=3.2.*"

[[package]]
name = "threadpoolctl"
version = "3.2.0"
description = "threadpoolctl"
category = "main"
optional = false
python-versions = ">=3.8"

[[package]]
name = "tifffile"
version = "2023.9.26"
description = "Read and write TIFF files"
category = "main"
optional = false
python-versions = ">=3.9"

[package.dependencies]
numpy = "*"

[package.extras]
all = ["imagecodecs (>=2023.8.12)", "matplotlib", "defusedxml", "lxml", "zarr", "fsspec"]

[[package]]
name = "tomli"
version = "2.0.1"
description = "A lil' TOML parser"
category = "main"
optional = false
python-versions = ">=3.7"

[[package]]
name = "typing-extensions"
version = "4.8.0"
description = "Backported and Experimental Type Hints for Python 3.8+"
category = "main"
optional = false
python-versions = ">=3.8"

[[package]]
name = "tzdata"
version = "2023.3"
description = "Provider of IANA time zone data"
category = "main"
optional = false
python-versions = ">=2"

[[package]]
name = "urllib3"
version = "2.0.6"
description = "HTTP library with thread-safe connection pooling, file post, and more."
category = "main"
optional = false
python-versions = ">=3.7"

[package.extras]
brotli = ["brotli (>=1.0.9)", "brotlicffi (>=0.8.0)"]
secure = ["certifi", "cryptography (>=1.9)", "idna (>=2.0.0)", "pyopenssl (>=17.1.0)", "urllib3-secure-extra"]
socks = ["pysocks (>=1.5.6,!=1.5.7,<2.0)"]
zstd = ["zstandard (>=0.18.0)"]

[[package]]
name = "zipp"
version = "3.17.0"
description = "Backport of pathlib-compatible object wrapper for zip files"
category = "main"
optional = false
python-versions = ">=3.8"

[package.extras]
docs = ["sphinx (>=3.5)", "sphinx (<7.2.5)", "jaraco.packaging (>=9.3)", "rst.linker (>=1.9)", "furo", "sphinx-lint", "jaraco.tidelift (>=1.4)"]
testing = ["pytest (>=6)", "pytest-checkdocs (>=2.4)", "pytest-cov", "pytest-enabler (>=2.2)", "pytest-ruff", "jaraco.itertools", "jaraco.functools", "more-itertools", "big-o", "pytest-ignore-flaky", "pytest-black (>=0.3.7)", "pytest-mypy (>=0.9.1)"]

[metadata]
lock-version = "1.1"
python-versions = "^3.9"
content-hash = "9b351e8d61d42555e4380cbd9772fd28a3f28208f70a8f3de83c7ca0abbbc9e8"

[metadata.files]
cachetools = []
certifi = []
charset-normalizer = []
contourpy = []
cycler = []
fonttools = []
google-api-core = []
google-auth = []
google-cloud-core = []
google-cloud-storage = []
google-crc32c = []
google-resumable-media = []
googleapis-common-protos = []
idna = []
imageio = []
importlib-resources = []
joblib = []
kiwisolver = []
lazy-loader = []
matplotlib = []
networkx = []
numpy = []
packaging = []
pandas = []
pillow = []
protobuf = []
pyasn1 = []
pyasn1-modules = []
pyparsing = []
python-dateutil = []
pytz = []
pywavelets = []
requests = []
rsa = []
scikit-image = []
scikit-learn = []
scipy = []
seaborn = []
setuptools-scm = []
six = []
threadpoolctl = []
tifffile = []
tomli = []
typing-extensions = []
tzdata = []
urllib3 = []
zipp = []
